
Microsoft Visual Studio Solution File, Format Version 12.00
# Visual Studio Version 17
VisualStudioVersion = 17.1.32319.34
MinimumVisualStudioVersion = 10.0.40219.1
Project("{FAE04EC0-301F-11D3-BF4B-00C04F79EFBC}") = "PageReplacementAlgo", "PageReplacementAlgo\PageReplacementAlgo.csproj", "{C36718C5-B183-4664-BB39-E17DC2BA62D8}"
EndProject
Global
	GlobalSection(SolutionConfigurationPlatforms) = preSolution
		Debug|Any CPU = Debug|Any CPU
		Release|Any CPU = Release|Any CPU
	EndGlobalSection
	GlobalSection(ProjectConfigurationPlatforms) = postSolution
		{C36718C5-B183-4664-BB39-E17DC2BA62D8}.Debug|Any CPU.ActiveCfg = Debug|Any CPU
		{C36718C5-B183-4664-BB39-E17DC2BA62D8}.Debug|Any CPU.Build.0 = Debug|Any CPU
		{C36718C5-B183-4664-BB39-E17DC2BA62D8}.Release|Any CPU.ActiveCfg = Release|Any CPU
		{C36718C5-B183-4664-BB39-E17DC2BA62D8}.Release|Any CPU.Build.0 = Release|Any CPU
	EndGlobalSection
	GlobalSection(SolutionProperties) = preSolution
		HideSolutionNode = FALSE
	EndGlobalSection
	GlobalSection(ExtensibilityGlobals) = postSolution
		SolutionGuid = {BCCA48CA-E644-4A03-831D-30B591BEB46F}
	EndGlobalSection
EndGlobal
